
Microsoft Visual Studio Solution File, Format Version 12.00
# Visual Studio Version 16
VisualStudioVersion = 16.0.29509.3
MinimumVisualStudioVersion = 10.0.40219.1
Project("{FAE04EC0-301F-11D3-BF4B-00C04F79EFBC}") = "Projet Info", "Projet Info\Projet Info.csproj", "{41300D6D-F714-40F6-9C64-138B65F89D6C}"
EndProject
Project("{FAE04EC0-301F-11D3-BF4B-00C04F79EFBC}") = "UnitTest1", "UnitTest1\UnitTest1.csproj", "{043A08C0-61D1-4F14-B8E0-4435A9F0D7F7}"
EndProject
Global
	GlobalSection(SolutionConfigurationPlatforms) = preSolution
		Debug|Any CPU = Debug|Any CPU
		Release|Any CPU = Release|Any CPU
	EndGlobalSection
	GlobalSection(ProjectConfigurationPlatforms) = postSolution
		{41300D6D-F714-40F6-9C64-138B65F89D6C}.Debug|Any CPU.ActiveCfg = Debug|Any CPU
		{41300D6D-F714-40F6-9C64-138B65F89D6C}.Debug|Any CPU.Build.0 = Debug|Any CPU
		{41300D6D-F714-40F6-9C64-138B65F89D6C}.Release|Any CPU.ActiveCfg = Release|Any CPU
		{41300D6D-F714-40F6-9C64-138B65F89D6C}.Release|Any CPU.Build.0 = Release|Any CPU
		{043A08C0-61D1-4F14-B8E0-4435A9F0D7F7}.Debug|Any CPU.ActiveCfg = Debug|Any CPU
		{043A08C0-61D1-4F14-B8E0-4435A9F0D7F7}.Debug|Any CPU.Build.0 = Debug|Any CPU
		{043A08C0-61D1-4F14-B8E0-4435A9F0D7F7}.Release|Any CPU.ActiveCfg = Release|Any CPU
		{043A08C0-61D1-4F14-B8E0-4435A9F0D7F7}.Release|Any CPU.Build.0 = Release|Any CPU
	EndGlobalSection
	GlobalSection(SolutionProperties) = preSolution
		HideSolutionNode = FALSE
	EndGlobalSection
	GlobalSection(ExtensibilityGlobals) = postSolution
		SolutionGuid = {EDB45C0B-DC88-4540-8E67-672FA429C556}
	EndGlobalSection
EndGlobal
